
Microsoft Visual Studio Solution File, Format Version 12.00
# Visual Studio Version 17
VisualStudioVersion = 17.10.34928.147
MinimumVisualStudioVersion = 10.0.40219.1
Project("{FAE04EC0-301F-11D3-BF4B-00C04F79EFBC}") = "CloudFirestoreV2", "CloudFirestoreV2\CloudFirestoreV2.csproj", "{7A3006B7-7BE8-414E-8E19-84574DA24856}"
EndProject
Global
	GlobalSection(SolutionConfigurationPlatforms) = preSolution
		Debug|Any CPU = Debug|Any CPU
		Release|Any CPU = Release|Any CPU
	EndGlobalSection
	GlobalSection(ProjectConfigurationPlatforms) = postSolution
		{7A3006B7-7BE8-414E-8E19-84574DA24856}.Debug|Any CPU.ActiveCfg = Debug|Any CPU
		{7A3006B7-7BE8-414E-8E19-84574DA24856}.Debug|Any CPU.Build.0 = Debug|Any CPU
		{7A3006B7-7BE8-414E-8E19-84574DA24856}.Release|Any CPU.ActiveCfg = Release|Any CPU
		{7A3006B7-7BE8-414E-8E19-84574DA24856}.Release|Any CPU.Build.0 = Release|Any CPU
	EndGlobalSection
	GlobalSection(SolutionProperties) = preSolution
		HideSolutionNode = FALSE
	EndGlobalSection
	GlobalSection(ExtensibilityGlobals) = postSolution
		SolutionGuid = {A2775A44-3FB0-43D8-ACB7-D05BF3922FFC}
	EndGlobalSection
EndGlobal
